
Microsoft Visual Studio Solution File, Format Version 12.00
# Visual Studio Version 17
VisualStudioVersion = 17.11.35219.272
MinimumVisualStudioVersion = 10.0.40219.1
Project("{8BC9CEB8-8B4A-11D0-8D11-00A0C91BC942}") = "lab2", "lab2\lab2.vcxproj", "{16BB484B-52F1-49B8-A122-3B7F5AB19907}"
EndProject
Project("{8BC9CEB8-8B4A-11D0-8D11-00A0C91BC942}") = "lab1", "lab1\lab1.vcxproj", "{8E3FD738-2AE9-40F8-8CD4-ABE5CDC849F4}"
EndProject
Project("{8BC9CEB8-8B4A-11D0-8D11-00A0C91BC942}") = "lab3", "lab3\lab3.vcxproj", "{028A8D90-37F4-4F36-8E0E-3642F4191B15}"
EndProject
Project("{8BC9CEB8-8B4A-11D0-8D11-00A0C91BC942}") = "lab4", "lab4\lab4.vcxproj", "{CA46383C-22C3-468B-98C2-1F50DFD44059}"
EndProject
Project("{8BC9CEB8-8B4A-11D0-8D11-00A0C91BC942}") = "lab5", "lab5\lab5.vcxproj", "{5CA43FCF-C10F-4F07-96D6-CD02842A95C3}"
EndProject
Project("{8BC9CEB8-8B4A-11D0-8D11-00A0C91BC942}") = "lab6", "lab6\lab6.vcxproj", "{7CBEF71E-4141-4855-9E25-4D0D95778AE7}"
EndProject
Project("{8BC9CEB8-8B4A-11D0-8D11-00A0C91BC942}") = "lab7", "lab7\lab7.vcxproj", "{14119242-3B7D-4903-9123-45B5805CF0E5}"
EndProject
Project("{8BC9CEB8-8B4A-11D0-8D11-00A0C91BC942}") = "lab8", "lab8\lab8.vcxproj", "{FA4E9F4C-755D-41C2-8932-9B6DB5547614}"
EndProject
Project("{FAE04EC0-301F-11D3-BF4B-00C04F79EFBC}") = "lab9", "lab9\lab9.csproj", "{88D53ACF-C002-422A-B7E0-91EDC87A7FF8}"
EndProject
Project("{FAE04EC0-301F-11D3-BF4B-00C04F79EFBC}") = "Coursework", "Coursework\Coursework.csproj", "{E79D7825-C278-4E4D-8EDE-5DB60BA0E345}"
EndProject
Project("{8BC9CEB8-8B4A-11D0-8D11-00A0C91BC942}") = "CourseworkCA", "CourseworkCA\CourseworkCA.vcxproj", "{25E8ED20-70B4-461D-BCDC-4FCBEE24FCFE}"
EndProject
Global
	GlobalSection(SolutionConfigurationPlatforms) = preSolution
		Debug|Any CPU = Debug|Any CPU
		Debug|x64 = Debug|x64
		Debug|x86 = Debug|x86
		Release|Any CPU = Release|Any CPU
		Release|x64 = Release|x64
		Release|x86 = Release|x86
	EndGlobalSection
	GlobalSection(ProjectConfigurationPlatforms) = postSolution
		{16BB484B-52F1-49B8-A122-3B7F5AB19907}.Debug|Any CPU.ActiveCfg = Debug|x64
		{16BB484B-52F1-49B8-A122-3B7F5AB19907}.Debug|x64.ActiveCfg = Debug|x64
		{16BB484B-52F1-49B8-A122-3B7F5AB19907}.Debug|x64.Build.0 = Debug|x64
		{16BB484B-52F1-49B8-A122-3B7F5AB19907}.Debug|x86.ActiveCfg = Debug|Win32
		{16BB484B-52F1-49B8-A122-3B7F5AB19907}.Debug|x86.Build.0 = Debug|Win32
		{16BB484B-52F1-49B8-A122-3B7F5AB19907}.Release|Any CPU.ActiveCfg = Release|x64
		{16BB484B-52F1-49B8-A122-3B7F5AB19907}.Release|x64.ActiveCfg = Release|x64
		{16BB484B-52F1-49B8-A122-3B7F5AB19907}.Release|x64.Build.0 = Release|x64
		{16BB484B-52F1-49B8-A122-3B7F5AB19907}.Release|x86.ActiveCfg = Release|Win32
		{16BB484B-52F1-49B8-A122-3B7F5AB19907}.Release|x86.Build.0 = Release|Win32
		{8E3FD738-2AE9-40F8-8CD4-ABE5CDC849F4}.Debug|Any CPU.ActiveCfg = Debug|x64
		{8E3FD738-2AE9-40F8-8CD4-ABE5CDC849F4}.Debug|x64.ActiveCfg = Debug|x64
		{8E3FD738-2AE9-40F8-8CD4-ABE5CDC849F4}.Debug|x64.Build.0 = Debug|x64
		{8E3FD738-2AE9-40F8-8CD4-ABE5CDC849F4}.Debug|x86.ActiveCfg = Debug|Win32
		{8E3FD738-2AE9-40F8-8CD4-ABE5CDC849F4}.Debug|x86.Build.0 = Debug|Win32
		{8E3FD738-2AE9-40F8-8CD4-ABE5CDC849F4}.Release|Any CPU.ActiveCfg = Release|x64
		{8E3FD738-2AE9-40F8-8CD4-ABE5CDC849F4}.Release|x64.ActiveCfg = Release|x64
		{8E3FD738-2AE9-40F8-8CD4-ABE5CDC849F4}.Release|x64.Build.0 = Release|x64
		{8E3FD738-2AE9-40F8-8CD4-ABE5CDC849F4}.Release|x86.ActiveCfg = Release|Win32
		{8E3FD738-2AE9-40F8-8CD4-ABE5CDC849F4}.Release|x86.Build.0 = Release|Win32
		{028A8D90-37F4-4F36-8E0E-3642F4191B15}.Debug|Any CPU.ActiveCfg = Debug|x64
		{028A8D90-37F4-4F36-8E0E-3642F4191B15}.Debug|x64.ActiveCfg = Debug|x64
		{028A8D90-37F4-4F36-8E0E-3642F4191B15}.Debug|x64.Build.0 = Debug|x64
		{028A8D90-37F4-4F36-8E0E-3642F4191B15}.Debug|x86.ActiveCfg = Debug|Win32
		{028A8D90-37F4-4F36-8E0E-3642F4191B15}.Debug|x86.Build.0 = Debug|Win32
		{028A8D90-37F4-4F36-8E0E-3642F4191B15}.Release|Any CPU.ActiveCfg = Release|x64
		{028A8D90-37F4-4F36-8E0E-3642F4191B15}.Release|x64.ActiveCfg = Release|x64
		{028A8D90-37F4-4F36-8E0E-3642F4191B15}.Release|x64.Build.0 = Release|x64
		{028A8D90-37F4-4F36-8E0E-3642F4191B15}.Release|x86.ActiveCfg = Release|Win32
		{028A8D90-37F4-4F36-8E0E-3642F4191B15}.Release|x86.Build.0 = Release|Win32
		{CA46383C-22C3-468B-98C2-1F50DFD44059}.Debug|Any CPU.ActiveCfg = Debug|x64
		{CA46383C-22C3-468B-98C2-1F50DFD44059}.Debug|x64.ActiveCfg = Debug|x64
		{CA46383C-22C3-468B-98C2-1F50DFD44059}.Debug|x64.Build.0 = Debug|x64
		{CA46383C-22C3-468B-98C2-1F50DFD44059}.Debug|x86.ActiveCfg = Debug|Win32
		{CA46383C-22C3-468B-98C2-1F50DFD44059}.Debug|x86.Build.0 = Debug|Win32
		{CA46383C-22C3-468B-98C2-1F50DFD44059}.Release|Any CPU.ActiveCfg = Release|x64
		{CA46383C-22C3-468B-98C2-1F50DFD44059}.Release|x64.ActiveCfg = Release|x64
		{CA46383C-22C3-468B-98C2-1F50DFD44059}.Release|x64.Build.0 = Release|x64
		{CA46383C-22C3-468B-98C2-1F50DFD44059}.Release|x86.ActiveCfg = Release|Win32
		{CA46383C-22C3-468B-98C2-1F50DFD44059}.Release|x86.Build.0 = Release|Win32
		{5CA43FCF-C10F-4F07-96D6-CD02842A95C3}.Debug|Any CPU.ActiveCfg = Debug|x64
		{5CA43FCF-C10F-4F07-96D6-CD02842A95C3}.Debug|x64.ActiveCfg = Debug|x64
		{5CA43FCF-C10F-4F07-96D6-CD02842A95C3}.Debug|x64.Build.0 = Debug|x64
		{5CA43FCF-C10F-4F07-96D6-CD02842A95C3}.Debug|x86.ActiveCfg = Debug|Win32
		{5CA43FCF-C10F-4F07-96D6-CD02842A95C3}.Debug|x86.Build.0 = Debug|Win32
		{5CA43FCF-C10F-4F07-96D6-CD02842A95C3}.Release|Any CPU.ActiveCfg = Release|x64
		{5CA43FCF-C10F-4F07-96D6-CD02842A95C3}.Release|x64.ActiveCfg = Release|x64
		{5CA43FCF-C10F-4F07-96D6-CD02842A95C3}.Release|x64.Build.0 = Release|x64
		{5CA43FCF-C10F-4F07-96D6-CD02842A95C3}.Release|x86.ActiveCfg = Release|Win32
		{5CA43FCF-C10F-4F07-96D6-CD02842A95C3}.Release|x86.Build.0 = Release|Win32
		{7CBEF71E-4141-4855-9E25-4D0D95778AE7}.Debug|Any CPU.ActiveCfg = Debug|x64
		{7CBEF71E-4141-4855-9E25-4D0D95778AE7}.Debug|x64.ActiveCfg = Debug|x64
		{7CBEF71E-4141-4855-9E25-4D0D95778AE7}.Debug|x64.Build.0 = Debug|x64
		{7CBEF71E-4141-4855-9E25-4D0D95778AE7}.Debug|x86.ActiveCfg = Debug|Win32
		{7CBEF71E-4141-4855-9E25-4D0D95778AE7}.Debug|x86.Build.0 = Debug|Win32
		{7CBEF71E-4141-4855-9E25-4D0D95778AE7}.Release|Any CPU.ActiveCfg = Release|x64
		{7CBEF71E-4141-4855-9E25-4D0D95778AE7}.Release|x64.ActiveCfg = Release|x64
		{7CBEF71E-4141-4855-9E25-4D0D95778AE7}.Release|x64.Build.0 = Release|x64
		{7CBEF71E-4141-4855-9E25-4D0D95778AE7}.Release|x86.ActiveCfg = Release|Win32
		{7CBEF71E-4141-4855-9E25-4D0D95778AE7}.Release|x86.Build.0 = Release|Win32
		{14119242-3B7D-4903-9123-45B5805CF0E5}.Debug|Any CPU.ActiveCfg = Debug|x64
		{14119242-3B7D-4903-9123-45B5805CF0E5}.Debug|x64.ActiveCfg = Debug|x64
		{14119242-3B7D-4903-9123-45B5805CF0E5}.Debug|x64.Build.0 = Debug|x64
		{14119242-3B7D-4903-9123-45B5805CF0E5}.Debug|x86.ActiveCfg = Debug|Win32
		{14119242-3B7D-4903-9123-45B5805CF0E5}.Debug|x86.Build.0 = Debug|Win32
		{14119242-3B7D-4903-9123-45B5805CF0E5}.Release|Any CPU.ActiveCfg = Release|x64
		{14119242-3B7D-4903-9123-45B5805CF0E5}.Release|x64.ActiveCfg = Release|x64
		{14119242-3B7D-4903-9123-45B5805CF0E5}.Release|x64.Build.0 = Release|x64
		{14119242-3B7D-4903-9123-45B5805CF0E5}.Release|x86.ActiveCfg = Release|Win32
		{14119242-3B7D-4903-9123-45B5805CF0E5}.Release|x86.Build.0 = Release|Win32
		{FA4E9F4C-755D-41C2-8932-9B6DB5547614}.Debug|Any CPU.ActiveCfg = Debug|x64
		{FA4E9F4C-755D-41C2-8932-9B6DB5547614}.Debug|x64.ActiveCfg = Debug|x64
		{FA4E9F4C-755D-41C2-8932-9B6DB5547614}.Debug|x64.Build.0 = Debug|x64
		{FA4E9F4C-755D-41C2-8932-9B6DB5547614}.Debug|x86.ActiveCfg = Debug|Win32
		{FA4E9F4C-755D-41C2-8932-9B6DB5547614}.Debug|x86.Build.0 = Debug|Win32
		{FA4E9F4C-755D-41C2-8932-9B6DB5547614}.Release|Any CPU.ActiveCfg = Release|x64
		{FA4E9F4C-755D-41C2-8932-9B6DB5547614}.Release|x64.ActiveCfg = Release|x64
		{FA4E9F4C-755D-41C2-8932-9B6DB5547614}.Release|x64.Build.0 = Release|x64
		{FA4E9F4C-755D-41C2-8932-9B6DB5547614}.Release|x86.ActiveCfg = Release|Win32
		{FA4E9F4C-755D-41C2-8932-9B6DB5547614}.Release|x86.Build.0 = Release|Win32
		{88D53ACF-C002-422A-B7E0-91EDC87A7FF8}.Debug|Any CPU.ActiveCfg = Debug|Any CPU
		{88D53ACF-C002-422A-B7E0-91EDC87A7FF8}.Debug|Any CPU.Build.0 = Debug|Any CPU
		{88D53ACF-C002-422A-B7E0-91EDC87A7FF8}.Debug|x64.ActiveCfg = Debug|Any CPU
		{88D53ACF-C002-422A-B7E0-91EDC87A7FF8}.Debug|x64.Build.0 = Debug|Any CPU
		{88D53ACF-C002-422A-B7E0-91EDC87A7FF8}.Debug|x86.ActiveCfg = Debug|Any CPU
		{88D53ACF-C002-422A-B7E0-91EDC87A7FF8}.Debug|x86.Build.0 = Debug|Any CPU
		{88D53ACF-C002-422A-B7E0-91EDC87A7FF8}.Release|Any CPU.ActiveCfg = Release|Any CPU
		{88D53ACF-C002-422A-B7E0-91EDC87A7FF8}.Release|Any CPU.Build.0 = Release|Any CPU
		{88D53ACF-C002-422A-B7E0-91EDC87A7FF8}.Release|x64.ActiveCfg = Release|Any CPU
		{88D53ACF-C002-422A-B7E0-91EDC87A7FF8}.Release|x64.Build.0 = Release|Any CPU
		{88D53ACF-C002-422A-B7E0-91EDC87A7FF8}.Release|x86.ActiveCfg = Release|Any CPU
		{88D53ACF-C002-422A-B7E0-91EDC87A7FF8}.Release|x86.Build.0 = Release|Any CPU
		{E79D7825-C278-4E4D-8EDE-5DB60BA0E345}.Debug|Any CPU.ActiveCfg = Debug|Any CPU
		{E79D7825-C278-4E4D-8EDE-5DB60BA0E345}.Debug|Any CPU.Build.0 = Debug|Any CPU
		{E79D7825-C278-4E4D-8EDE-5DB60BA0E345}.Debug|x64.ActiveCfg = Debug|Any CPU
		{E79D7825-C278-4E4D-8EDE-5DB60BA0E345}.Debug|x64.Build.0 = Debug|Any CPU
		{E79D7825-C278-4E4D-8EDE-5DB60BA0E345}.Debug|x86.ActiveCfg = Debug|Any CPU
		{E79D7825-C278-4E4D-8EDE-5DB60BA0E345}.Debug|x86.Build.0 = Debug|Any CPU
		{E79D7825-C278-4E4D-8EDE-5DB60BA0E345}.Release|Any CPU.ActiveCfg = Release|Any CPU
		{E79D7825-C278-4E4D-8EDE-5DB60BA0E345}.Release|Any CPU.Build.0 = Release|Any CPU
		{E79D7825-C278-4E4D-8EDE-5DB60BA0E345}.Release|x64.ActiveCfg = Release|Any CPU
		{E79D7825-C278-4E4D-8EDE-5DB60BA0E345}.Release|x64.Build.0 = Release|Any CPU
		{E79D7825-C278-4E4D-8EDE-5DB60BA0E345}.Release|x86.ActiveCfg = Release|Any CPU
		{E79D7825-C278-4E4D-8EDE-5DB60BA0E345}.Release|x86.Build.0 = Release|Any CPU
		{25E8ED20-70B4-461D-BCDC-4FCBEE24FCFE}.Debug|Any CPU.ActiveCfg = Debug|x64
		{25E8ED20-70B4-461D-BCDC-4FCBEE24FCFE}.Debug|Any CPU.Build.0 = Debug|x64
		{25E8ED20-70B4-461D-BCDC-4FCBEE24FCFE}.Debug|x64.ActiveCfg = Debug|x64
		{25E8ED20-70B4-461D-BCDC-4FCBEE24FCFE}.Debug|x64.Build.0 = Debug|x64
		{25E8ED20-70B4-461D-BCDC-4FCBEE24FCFE}.Debug|x86.ActiveCfg = Debug|Win32
		{25E8ED20-70B4-461D-BCDC-4FCBEE24FCFE}.Debug|x86.Build.0 = Debug|Win32
		{25E8ED20-70B4-461D-BCDC-4FCBEE24FCFE}.Release|Any CPU.ActiveCfg = Release|x64
		{25E8ED20-70B4-461D-BCDC-4FCBEE24FCFE}.Release|Any CPU.Build.0 = Release|x64
		{25E8ED20-70B4-461D-BCDC-4FCBEE24FCFE}.Release|x64.ActiveCfg = Release|x64
		{25E8ED20-70B4-461D-BCDC-4FCBEE24FCFE}.Release|x64.Build.0 = Release|x64
		{25E8ED20-70B4-461D-BCDC-4FCBEE24FCFE}.Release|x86.ActiveCfg = Release|Win32
		{25E8ED20-70B4-461D-BCDC-4FCBEE24FCFE}.Release|x86.Build.0 = Release|Win32
	EndGlobalSection
	GlobalSection(SolutionProperties) = preSolution
		HideSolutionNode = FALSE
	EndGlobalSection
	GlobalSection(ExtensibilityGlobals) = postSolution
		SolutionGuid = {23F31758-31FB-4DD2-B225-A07CE40232B6}
	EndGlobalSection
EndGlobal
